
Microsoft Visual Studio Solution File, Format Version 12.00
# Visual Studio Version 17
VisualStudioVersion = 17.14.36811.4 d17.14
MinimumVisualStudioVersion = 10.0.40219.1
Project("{FAE04EC0-301F-11D3-BF4B-00C04F79EFBC}") = "StudentCourseRegistrationSystem", "StudentCourseRegistrationSystem\StudentCourseRegistrationSystem.csproj", "{A3137939-D540-43B9-8949-7108BD3989BC}"
EndProject
Global
	GlobalSection(SolutionConfigurationPlatforms) = preSolution
		Debug|Any CPU = Debug|Any CPU
		Release|Any CPU = Release|Any CPU
	EndGlobalSection
	GlobalSection(ProjectConfigurationPlatforms) = postSolution
		{A3137939-D540-43B9-8949-7108BD3989BC}.Debug|Any CPU.ActiveCfg = Debug|Any CPU
		{A3137939-D540-43B9-8949-7108BD3989BC}.Debug|Any CPU.Build.0 = Debug|Any CPU
		{A3137939-D540-43B9-8949-7108BD3989BC}.Release|Any CPU.ActiveCfg = Release|Any CPU
		{A3137939-D540-43B9-8949-7108BD3989BC}.Release|Any CPU.Build.0 = Release|Any CPU
	EndGlobalSection
	GlobalSection(SolutionProperties) = preSolution
		HideSolutionNode = FALSE
	EndGlobalSection
	GlobalSection(ExtensibilityGlobals) = postSolution
		SolutionGuid = {4DFBAFC0-9EC9-4A17-8830-A7A42FF492EB}
	EndGlobalSection
EndGlobal
