
Microsoft Visual Studio Solution File, Format Version 12.00
# Visual Studio Version 17
VisualStudioVersion = 17.14.37502.11 d17.14
MinimumVisualStudioVersion = 10.0.40219.1
Project("{FAE04EC0-301F-11D3-BF4B-00C04F79EFBC}") = "Student", "Student\Student.csproj", "{5070020B-30D0-4452-AB71-1B1F94E94069}"
EndProject
Global
	GlobalSection(SolutionConfigurationPlatforms) = preSolution
		Debug|Any CPU = Debug|Any CPU
		Release|Any CPU = Release|Any CPU
	EndGlobalSection
	GlobalSection(ProjectConfigurationPlatforms) = postSolution
		{5070020B-30D0-4452-AB71-1B1F94E94069}.Debug|Any CPU.ActiveCfg = Debug|Any CPU
		{5070020B-30D0-4452-AB71-1B1F94E94069}.Debug|Any CPU.Build.0 = Debug|Any CPU
		{5070020B-30D0-4452-AB71-1B1F94E94069}.Release|Any CPU.ActiveCfg = Release|Any CPU
		{5070020B-30D0-4452-AB71-1B1F94E94069}.Release|Any CPU.Build.0 = Release|Any CPU
	EndGlobalSection
	GlobalSection(SolutionProperties) = preSolution
		HideSolutionNode = FALSE
	EndGlobalSection
	GlobalSection(ExtensibilityGlobals) = postSolution
		SolutionGuid = {BD31EC9E-7189-41C3-BEA8-071D61B9AABF}
	EndGlobalSection
EndGlobal
